
Microsoft Visual Studio Solution File, Format Version 12.00
# Visual Studio Version 17
VisualStudioVersion = 17.12.35527.113 d17.12
MinimumVisualStudioVersion = 10.0.40219.1
Project("{FAE04EC0-301F-11D3-BF4B-00C04F79EFBC}") = "CsharpV3", "CsharpV3\CsharpV3.csproj", "{CBDD172B-770B-4A7F-9E9D-8A3BB5655101}"
EndProject
Global
	GlobalSection(SolutionConfigurationPlatforms) = preSolution
		Debug|Any CPU = Debug|Any CPU
		Release|Any CPU = Release|Any CPU
	EndGlobalSection
	GlobalSection(ProjectConfigurationPlatforms) = postSolution
		{CBDD172B-770B-4A7F-9E9D-8A3BB5655101}.Debug|Any CPU.ActiveCfg = Debug|Any CPU
		{CBDD172B-770B-4A7F-9E9D-8A3BB5655101}.Debug|Any CPU.Build.0 = Debug|Any CPU
		{CBDD172B-770B-4A7F-9E9D-8A3BB5655101}.Release|Any CPU.ActiveCfg = Release|Any CPU
		{CBDD172B-770B-4A7F-9E9D-8A3BB5655101}.Release|Any CPU.Build.0 = Release|Any CPU
	EndGlobalSection
	GlobalSection(SolutionProperties) = preSolution
		HideSolutionNode = FALSE
	EndGlobalSection
EndGlobal
